// !$*UTF8*$!
{
	archiveVersion = 1;
	classes = {
	};
	objectVersion = 56;
	objects = {

/* Begin PBXBuildFile section */
		B52589DA2C1B3BFC006967E6 /* MarkdownUI in Frameworks */ = {isa = PBXBuildFile; productRef = B52589D92C1B3BFC006967E6 /* MarkdownUI */; };
		B5D65A552C119DB300A0ABDE /* GitHubRepositoriesApp.swift in Sources */ = {isa = PBXBuildFile; fileRef = B5D65A542C119DB300A0ABDE /* GitHubRepositoriesApp.swift */; };
		B5D65A592C119DB700A0ABDE /* Assets.xcassets in Resources */ = {isa = PBXBuildFile; fileRef = B5D65A582C119DB700A0ABDE /* Assets.xcassets */; };
		B5D65A5C2C119DB700A0ABDE /* Preview Assets.xcassets in Resources */ = {isa = PBXBuildFile; fileRef = B5D65A5B2C119DB700A0ABDE /* Preview Assets.xcassets */; };
		B5D65A642C119E4E00A0ABDE /* AuthView.swift in Sources */ = {isa = PBXBuildFile; fileRef = B5D65A632C119E4E00A0ABDE /* AuthView.swift */; };
		B5D65A682C119F5600A0ABDE /* Api.swift in Sources */ = {isa = PBXBuildFile; fileRef = B5D65A672C119F5600A0ABDE /* Api.swift */; };
		B5D65A6A2C11A3DF00A0ABDE /* NetworkManager.swift in Sources */ = {isa = PBXBuildFile; fileRef = B5D65A692C11A3DF00A0ABDE /* NetworkManager.swift */; };
		B5D65A6D2C11A78C00A0ABDE /* AuthViewModel.swift in Sources */ = {isa = PBXBuildFile; fileRef = B5D65A6C2C11A78C00A0ABDE /* AuthViewModel.swift */; };
		B5D65A702C11ABA700A0ABDE /* User.swift in Sources */ = {isa = PBXBuildFile; fileRef = B5D65A6F2C11ABA700A0ABDE /* User.swift */; };
		B5D65A732C11E30000A0ABDE /* LoaderView.swift in Sources */ = {isa = PBXBuildFile; fileRef = B5D65A722C11E30000A0ABDE /* LoaderView.swift */; };
		B5D65A762C11E51500A0ABDE /* Extension+View.swift in Sources */ = {isa = PBXBuildFile; fileRef = B5D65A752C11E51500A0ABDE /* Extension+View.swift */; };
		B5D65AA22C14456C00A0ABDE /* RepositoriesView.swift in Sources */ = {isa = PBXBuildFile; fileRef = B5D65AA12C14456B00A0ABDE /* RepositoriesView.swift */; };
		B5D65AA42C14459300A0ABDE /* RepositoriesViewModel.swift in Sources */ = {isa = PBXBuildFile; fileRef = B5D65AA32C14459300A0ABDE /* RepositoriesViewModel.swift */; };
		B5D65AA62C1445DB00A0ABDE /* RepositoryRowView.swift in Sources */ = {isa = PBXBuildFile; fileRef = B5D65AA52C1445DB00A0ABDE /* RepositoryRowView.swift */; };
		B5D65AA82C14488200A0ABDE /* Repository.swift in Sources */ = {isa = PBXBuildFile; fileRef = B5D65AA72C14488200A0ABDE /* Repository.swift */; };
		B5D65AAC2C159E8800A0ABDE /* ButtonView.swift in Sources */ = {isa = PBXBuildFile; fileRef = B5D65AAB2C159E8800A0ABDE /* ButtonView.swift */; };
		B5D65AAF2C16CC8200A0ABDE /* RepositoryDetailsView.swift in Sources */ = {isa = PBXBuildFile; fileRef = B5D65AAE2C16CC8200A0ABDE /* RepositoryDetailsView.swift */; };
		B5D65AB12C173CD100A0ABDE /* InfoView.swift in Sources */ = {isa = PBXBuildFile; fileRef = B5D65AB02C173CD100A0ABDE /* InfoView.swift */; };
		B5D65AB32C17519100A0ABDE /* RepositoryDetailsViewModel.swift in Sources */ = {isa = PBXBuildFile; fileRef = B5D65AB22C17519100A0ABDE /* RepositoryDetailsViewModel.swift */; };
		B5D65AB52C175DDB00A0ABDE /* Content.swift in Sources */ = {isa = PBXBuildFile; fileRef = B5D65AB42C175DDA00A0ABDE /* Content.swift */; };
/* End PBXBuildFile section */

/* Begin PBXFileReference section */
		B5D65A512C119DB300A0ABDE /* GitHubRepositories.app */ = {isa = PBXFileReference; explicitFileType = wrapper.application; includeInIndex = 0; path = GitHubRepositories.app; sourceTree = BUILT_PRODUCTS_DIR; };
		B5D65A542C119DB300A0ABDE /* GitHubRepositoriesApp.swift */ = {isa = PBXFileReference; lastKnownFileType = sourcecode.swift; path = GitHubRepositoriesApp.swift; sourceTree = "<group>"; };
		B5D65A582C119DB700A0ABDE /* Assets.xcassets */ = {isa = PBXFileReference; lastKnownFileType = folder.assetcatalog; path = Assets.xcassets; sourceTree = "<group>"; };
		B5D65A5B2C119DB700A0ABDE /* Preview Assets.xcassets */ = {isa = PBXFileReference; lastKnownFileType = folder.assetcatalog; path = "Preview Assets.xcassets"; sourceTree = "<group>"; };
		B5D65A632C119E4E00A0ABDE /* AuthView.swift */ = {isa = PBXFileReference; lastKnownFileType = sourcecode.swift; path = AuthView.swift; sourceTree = "<group>"; };
		B5D65A672C119F5600A0ABDE /* Api.swift */ = {isa = PBXFileReference; lastKnownFileType = sourcecode.swift; path = Api.swift; sourceTree = "<group>"; };
		B5D65A692C11A3DF00A0ABDE /* NetworkManager.swift */ = {isa = PBXFileReference; lastKnownFileType = sourcecode.swift; path = NetworkManager.swift; sourceTree = "<group>"; };
		B5D65A6C2C11A78C00A0ABDE /* AuthViewModel.swift */ = {isa = PBXFileReference; lastKnownFileType = sourcecode.swift; path = AuthViewModel.swift; sourceTree = "<group>"; };
		B5D65A6F2C11ABA700A0ABDE /* User.swift */ = {isa = PBXFileReference; lastKnownFileType = sourcecode.swift; path = User.swift; sourceTree = "<group>"; };
		B5D65A722C11E30000A0ABDE /* LoaderView.swift */ = {isa = PBXFileReference; lastKnownFileType = sourcecode.swift; path = LoaderView.swift; sourceTree = "<group>"; };
		B5D65A752C11E51500A0ABDE /* Extension+View.swift */ = {isa = PBXFileReference; lastKnownFileType = sourcecode.swift; path = "Extension+View.swift"; sourceTree = "<group>"; };
		B5D65AA12C14456B00A0ABDE /* RepositoriesView.swift */ = {isa = PBXFileReference; lastKnownFileType = sourcecode.swift; path = RepositoriesView.swift; sourceTree = "<group>"; };
		B5D65AA32C14459300A0ABDE /* RepositoriesViewModel.swift */ = {isa = PBXFileReference; lastKnownFileType = sourcecode.swift; path = RepositoriesViewModel.swift; sourceTree = "<group>"; };
		B5D65AA52C1445DB00A0ABDE /* RepositoryRowView.swift */ = {isa = PBXFileReference; lastKnownFileType = sourcecode.swift; path = RepositoryRowView.swift; sourceTree = "<group>"; };
		B5D65AA72C14488200A0ABDE /* Repository.swift */ = {isa = PBXFileReference; lastKnownFileType = sourcecode.swift; path = Repository.swift; sourceTree = "<group>"; };
		B5D65AAB2C159E8800A0ABDE /* ButtonView.swift */ = {isa = PBXFileReference; lastKnownFileType = sourcecode.swift; path = ButtonView.swift; sourceTree = "<group>"; };
		B5D65AAE2C16CC8200A0ABDE /* RepositoryDetailsView.swift */ = {isa = PBXFileReference; lastKnownFileType = sourcecode.swift; path = RepositoryDetailsView.swift; sourceTree = "<group>"; };
		B5D65AB02C173CD100A0ABDE /* InfoView.swift */ = {isa = PBXFileReference; lastKnownFileType = sourcecode.swift; path = InfoView.swift; sourceTree = "<group>"; };
		B5D65AB22C17519100A0ABDE /* RepositoryDetailsViewModel.swift */ = {isa = PBXFileReference; lastKnownFileType = sourcecode.swift; path = RepositoryDetailsViewModel.swift; sourceTree = "<group>"; };
		B5D65AB42C175DDA00A0ABDE /* Content.swift */ = {isa = PBXFileReference; lastKnownFileType = sourcecode.swift; path = Content.swift; sourceTree = "<group>"; };
/* End PBXFileReference section */

/* Begin PBXFrameworksBuildPhase section */
		B5D65A4E2C119DB300A0ABDE /* Frameworks */ = {
			isa = PBXFrameworksBuildPhase;
			buildActionMask = 2147483647;
			files = (
				B52589DA2C1B3BFC006967E6 /* MarkdownUI in Frameworks */,
			);
			runOnlyForDeploymentPostprocessing = 0;
		};
/* End PBXFrameworksBuildPhase section */

/* Begin PBXGroup section */
		B5D65A482C119DB300A0ABDE = {
			isa = PBXGroup;
			children = (
				B5D65A532C119DB300A0ABDE /* GitHubRepositories */,
				B5D65A522C119DB300A0ABDE /* Products */,
			);
			sourceTree = "<group>";
		};
		B5D65A522C119DB300A0ABDE /* Products */ = {
			isa = PBXGroup;
			children = (
				B5D65A512C119DB300A0ABDE /* GitHubRepositories.app */,
			);
			name = Products;
			sourceTree = "<group>";
		};
		B5D65A532C119DB300A0ABDE /* GitHubRepositories */ = {
			isa = PBXGroup;
			children = (
				B5D65A542C119DB300A0ABDE /* GitHubRepositoriesApp.swift */,
				B5D65A622C119E0400A0ABDE /* Views */,
				B5D65A652C119F1300A0ABDE /* Services */,
				B5D65A742C11E4F100A0ABDE /* Extensions */,
				B5D65A6E2C11AB8500A0ABDE /* Models */,
				B5D65A662C119F2D00A0ABDE /* Resources */,
				B5D65A5A2C119DB700A0ABDE /* Preview Content */,
			);
			path = GitHubRepositories;
			sourceTree = "<group>";
		};
		B5D65A5A2C119DB700A0ABDE /* Preview Content */ = {
			isa = PBXGroup;
			children = (
				B5D65A5B2C119DB700A0ABDE /* Preview Assets.xcassets */,
			);
			path = "Preview Content";
			sourceTree = "<group>";
		};
		B5D65A622C119E0400A0ABDE /* Views */ = {
			isa = PBXGroup;
			children = (
				B5D65A712C11E2CB00A0ABDE /* Components */,
				B5D65A6B2C11A74400A0ABDE /* Auth */,
				B5D65AA02C14452900A0ABDE /* RepositoriesList */,
				B5D65AAD2C16CC5D00A0ABDE /* RepositoryDetails */,
			);
			path = Views;
			sourceTree = "<group>";
		};
		B5D65A652C119F1300A0ABDE /* Services */ = {
			isa = PBXGroup;
			children = (
				B5D65A672C119F5600A0ABDE /* Api.swift */,
				B5D65A692C11A3DF00A0ABDE /* NetworkManager.swift */,
			);
			path = Services;
			sourceTree = "<group>";
		};
		B5D65A662C119F2D00A0ABDE /* Resources */ = {
			isa = PBXGroup;
			children = (
				B5D65A582C119DB700A0ABDE /* Assets.xcassets */,
			);
			path = Resources;
			sourceTree = "<group>";
		};
		B5D65A6B2C11A74400A0ABDE /* Auth */ = {
			isa = PBXGroup;
			children = (
				B5D65A6C2C11A78C00A0ABDE /* AuthViewModel.swift */,
				B5D65A632C119E4E00A0ABDE /* AuthView.swift */,
			);
			path = Auth;
			sourceTree = "<group>";
		};
		B5D65A6E2C11AB8500A0ABDE /* Models */ = {
			isa = PBXGroup;
			children = (
				B5D65A6F2C11ABA700A0ABDE /* User.swift */,
				B5D65AA72C14488200A0ABDE /* Repository.swift */,
				B5D65AB42C175DDA00A0ABDE /* Content.swift */,
			);
			path = Models;
			sourceTree = "<group>";
		};
		B5D65A712C11E2CB00A0ABDE /* Components */ = {
			isa = PBXGroup;
			children = (
				B5D65A722C11E30000A0ABDE /* LoaderView.swift */,
				B5D65AAB2C159E8800A0ABDE /* ButtonView.swift */,
				B5D65AB02C173CD100A0ABDE /* InfoView.swift */,
			);
			path = Components;
			sourceTree = "<group>";
		};
		B5D65A742C11E4F100A0ABDE /* Extensions */ = {
			isa = PBXGroup;
			children = (
				B5D65A752C11E51500A0ABDE /* Extension+View.swift */,
			);
			path = Extensions;
			sourceTree = "<group>";
		};
		B5D65AA02C14452900A0ABDE /* RepositoriesList */ = {
			isa = PBXGroup;
			children = (
				B5D65AA32C14459300A0ABDE /* RepositoriesViewModel.swift */,
				B5D65AA12C14456B00A0ABDE /* RepositoriesView.swift */,
				B5D65AA52C1445DB00A0ABDE /* RepositoryRowView.swift */,
			);
			path = RepositoriesList;
			sourceTree = "<group>";
		};
		B5D65AAD2C16CC5D00A0ABDE /* RepositoryDetails */ = {
			isa = PBXGroup;
			children = (
				B5D65AB22C17519100A0ABDE /* RepositoryDetailsViewModel.swift */,
				B5D65AAE2C16CC8200A0ABDE /* RepositoryDetailsView.swift */,
			);
			path = RepositoryDetails;
			sourceTree = "<group>";
		};
/* End PBXGroup section */

/* Begin PBXNativeTarget section */
		B5D65A502C119DB300A0ABDE /* GitHubRepositories */ = {
			isa = PBXNativeTarget;
			buildConfigurationList = B5D65A5F2C119DB700A0ABDE /* Build configuration list for PBXNativeTarget "GitHubRepositories" */;
			buildPhases = (
				B5D65A4D2C119DB300A0ABDE /* Sources */,
				B5D65A4E2C119DB300A0ABDE /* Frameworks */,
				B5D65A4F2C119DB300A0ABDE /* Resources */,
			);
			buildRules = (
			);
			dependencies = (
			);
			name = GitHubRepositories;
			packageProductDependencies = (
				B52589D92C1B3BFC006967E6 /* MarkdownUI */,
			);
			productName = GitHubRepositories;
			productReference = B5D65A512C119DB300A0ABDE /* GitHubRepositories.app */;
			productType = "com.apple.product-type.application";
		};
/* End PBXNativeTarget section */

/* Begin PBXProject section */
		B5D65A492C119DB300A0ABDE /* Project object */ = {
			isa = PBXProject;
			attributes = {
				BuildIndependentTargetsInParallel = 1;
				LastSwiftUpdateCheck = 1500;
				LastUpgradeCheck = 1500;
				TargetAttributes = {
					B5D65A502C119DB300A0ABDE = {
						CreatedOnToolsVersion = 15.0.1;
					};
				};
			};
			buildConfigurationList = B5D65A4C2C119DB300A0ABDE /* Build configuration list for PBXProject "GitHubRepositories" */;
			compatibilityVersion = "Xcode 14.0";
			developmentRegion = en;
			hasScannedForEncodings = 0;
			knownRegions = (
				en,
				Base,
			);
			mainGroup = B5D65A482C119DB300A0ABDE;
			packageReferences = (
				B52589D82C1B3BFC006967E6 /* XCRemoteSwiftPackageReference "swift-markdown-ui" */,
			);
			productRefGroup = B5D65A522C119DB300A0ABDE /* Products */;
			projectDirPath = "";
			projectRoot = "";
			targets = (
				B5D65A502C119DB300A0ABDE /* GitHubRepositories */,
			);
		};
/* End PBXProject section */

/* Begin PBXResourcesBuildPhase section */
		B5D65A4F2C119DB300A0ABDE /* Resources */ = {
			isa = PBXResourcesBuildPhase;
			buildActionMask = 2147483647;
			files = (
				B5D65A5C2C119DB700A0ABDE /* Preview Assets.xcassets in Resources */,
				B5D65A592C119DB700A0ABDE /* Assets.xcassets in Resources */,
			);
			runOnlyForDeploymentPostprocessing = 0;
		};
/* End PBXResourcesBuildPhase section */

/* Begin PBXSourcesBuildPhase section */
		B5D65A4D2C119DB300A0ABDE /* Sources */ = {
			isa = PBXSourcesBuildPhase;
			buildActionMask = 2147483647;
			files = (
				B5D65A6D2C11A78C00A0ABDE /* AuthViewModel.swift in Sources */,
				B5D65AA22C14456C00A0ABDE /* RepositoriesView.swift in Sources */,
				B5D65AA62C1445DB00A0ABDE /* RepositoryRowView.swift in Sources */,
				B5D65A6A2C11A3DF00A0ABDE /* NetworkManager.swift in Sources */,
				B5D65A762C11E51500A0ABDE /* Extension+View.swift in Sources */,
				B5D65AAC2C159E8800A0ABDE /* ButtonView.swift in Sources */,
				B5D65A702C11ABA700A0ABDE /* User.swift in Sources */,
				B5D65A732C11E30000A0ABDE /* LoaderView.swift in Sources */,
				B5D65AA42C14459300A0ABDE /* RepositoriesViewModel.swift in Sources */,
				B5D65A682C119F5600A0ABDE /* Api.swift in Sources */,
				B5D65AB32C17519100A0ABDE /* RepositoryDetailsViewModel.swift in Sources */,
				B5D65A642C119E4E00A0ABDE /* AuthView.swift in Sources */,
				B5D65AAF2C16CC8200A0ABDE /* RepositoryDetailsView.swift in Sources */,
				B5D65A552C119DB300A0ABDE /* GitHubRepositoriesApp.swift in Sources */,
				B5D65AB12C173CD100A0ABDE /* InfoView.swift in Sources */,
				B5D65AB52C175DDB00A0ABDE /* Content.swift in Sources */,
				B5D65AA82C14488200A0ABDE /* Repository.swift in Sources */,
			);
			runOnlyForDeploymentPostprocessing = 0;
		};
/* End PBXSourcesBuildPhase section */

/* Begin XCBuildConfiguration section */
		B5D65A5D2C119DB700A0ABDE /* Debug */ = {
			isa = XCBuildConfiguration;
			buildSettings = {
				ALWAYS_SEARCH_USER_PATHS = NO;
				ASSETCATALOG_COMPILER_GENERATE_SWIFT_ASSET_SYMBOL_EXTENSIONS = YES;
				CLANG_ANALYZER_NONNULL = YES;
				CLANG_ANALYZER_NUMBER_OBJECT_CONVERSION = YES_AGGRESSIVE;
				CLANG_CXX_LANGUAGE_STANDARD = "gnu++20";
				CLANG_ENABLE_MODULES = YES;
				CLANG_ENABLE_OBJC_ARC = YES;
				CLANG_ENABLE_OBJC_WEAK = YES;
				CLANG_WARN_BLOCK_CAPTURE_AUTORELEASING = YES;
				CLANG_WARN_BOOL_CONVERSION = YES;
				CLANG_WARN_COMMA = YES;
				CLANG_WARN_CONSTANT_CONVERSION = YES;
				CLANG_WARN_DEPRECATED_OBJC_IMPLEMENTATIONS = YES;
				CLANG_WARN_DIRECT_OBJC_ISA_USAGE = YES_ERROR;
				CLANG_WARN_DOCUMENTATION_COMMENTS = YES;
				CLANG_WARN_EMPTY_BODY = YES;
				CLANG_WARN_ENUM_CONVERSION = YES;
				CLANG_WARN_INFINITE_RECURSION = YES;
				CLANG_WARN_INT_CONVERSION = YES;
				CLANG_WARN_NON_LITERAL_NULL_CONVERSION = YES;
				CLANG_WARN_OBJC_IMPLICIT_RETAIN_SELF = YES;
				CLANG_WARN_OBJC_LITERAL_CONVERSION = YES;
				CLANG_WARN_OBJC_ROOT_CLASS = YES_ERROR;
				CLANG_WARN_QUOTED_INCLUDE_IN_FRAMEWORK_HEADER = YES;
				CLANG_WARN_RANGE_LOOP_ANALYSIS = YES;
				CLANG_WARN_STRICT_PROTOTYPES = YES;
				CLANG_WARN_SUSPICIOUS_MOVE = YES;
				CLANG_WARN_UNGUARDED_AVAILABILITY = YES_AGGRESSIVE;
				CLANG_WARN_UNREACHABLE_CODE = YES;
				CLANG_WARN__DUPLICATE_METHOD_MATCH = YES;
				COPY_PHASE_STRIP = NO;
				DEBUG_INFORMATION_FORMAT = dwarf;
				ENABLE_STRICT_OBJC_MSGSEND = YES;
				ENABLE_TESTABILITY = YES;
				ENABLE_USER_SCRIPT_SANDBOXING = YES;
				GCC_C_LANGUAGE_STANDARD = gnu17;
				GCC_DYNAMIC_NO_PIC = NO;
				GCC_NO_COMMON_BLOCKS = YES;
				GCC_OPTIMIZATION_LEVEL = 0;
				GCC_PREPROCESSOR_DEFINITIONS = (
					"DEBUG=1",
					"$(inherited)",
				);
				GCC_WARN_64_TO_32_BIT_CONVERSION = YES;
				GCC_WARN_ABOUT_RETURN_TYPE = YES_ERROR;
				GCC_WARN_UNDECLARED_SELECTOR = YES;
				GCC_WARN_UNINITIALIZED_AUTOS = YES_AGGRESSIVE;
				GCC_WARN_UNUSED_FUNCTION = YES;
				GCC_WARN_UNUSED_VARIABLE = YES;
				IPHONEOS_DEPLOYMENT_TARGET = 17.0;
				LOCALIZATION_PREFERS_STRING_CATALOGS = YES;
				MTL_ENABLE_DEBUG_INFO = INCLUDE_SOURCE;
				MTL_FAST_MATH = YES;
				ONLY_ACTIVE_ARCH = YES;
				SDKROOT = iphoneos;
				SWIFT_ACTIVE_COMPILATION_CONDITIONS = "DEBUG $(inherited)";
				SWIFT_OPTIMIZATION_LEVEL = "-Onone";
			};
			name = Debug;
		};
		B5D65A5E2C119DB700A0ABDE /* Release */ = {
			isa = XCBuildConfiguration;
			buildSettings = {
				ALWAYS_SEARCH_USER_PATHS = NO;
				ASSETCATALOG_COMPILER_GENERATE_SWIFT_ASSET_SYMBOL_EXTENSIONS = YES;
				CLANG_ANALYZER_NONNULL = YES;
				CLANG_ANALYZER_NUMBER_OBJECT_CONVERSION = YES_AGGRESSIVE;
				CLANG_CXX_LANGUAGE_STANDARD = "gnu++20";
				CLANG_ENABLE_MODULES = YES;
				CLANG_ENABLE_OBJC_ARC = YES;
				CLANG_ENABLE_OBJC_WEAK = YES;
				CLANG_WARN_BLOCK_CAPTURE_AUTORELEASING = YES;
				CLANG_WARN_BOOL_CONVERSION = YES;
				CLANG_WARN_COMMA = YES;
				CLANG_WARN_CONSTANT_CONVERSION = YES;
				CLANG_WARN_DEPRECATED_OBJC_IMPLEMENTATIONS = YES;
				CLANG_WARN_DIRECT_OBJC_ISA_USAGE = YES_ERROR;
				CLANG_WARN_DOCUMENTATION_COMMENTS = YES;
				CLANG_WARN_EMPTY_BODY = YES;
				CLANG_WARN_ENUM_CONVERSION = YES;
				CLANG_WARN_INFINITE_RECURSION = YES;
				CLANG_WARN_INT_CONVERSION = YES;
				CLANG_WARN_NON_LITERAL_NULL_CONVERSION = YES;
				CLANG_WARN_OBJC_IMPLICIT_RETAIN_SELF = YES;
				CLANG_WARN_OBJC_LITERAL_CONVERSION = YES;
				CLANG_WARN_OBJC_ROOT_CLASS = YES_ERROR;
				CLANG_WARN_QUOTED_INCLUDE_IN_FRAMEWORK_HEADER = YES;
				CLANG_WARN_RANGE_LOOP_ANALYSIS = YES;
				CLANG_WARN_STRICT_PROTOTYPES = YES;
				CLANG_WARN_SUSPICIOUS_MOVE = YES;
				CLANG_WARN_UNGUARDED_AVAILABILITY = YES_AGGRESSIVE;
				CLANG_WARN_UNREACHABLE_CODE = YES;
				CLANG_WARN__DUPLICATE_METHOD_MATCH = YES;
				COPY_PHASE_STRIP = NO;
				DEBUG_INFORMATION_FORMAT = "dwarf-with-dsym";
				ENABLE_NS_ASSERTIONS = NO;
				ENABLE_STRICT_OBJC_MSGSEND = YES;
				ENABLE_USER_SCRIPT_SANDBOXING = YES;
				GCC_C_LANGUAGE_STANDARD = gnu17;
				GCC_NO_COMMON_BLOCKS = YES;
				GCC_WARN_64_TO_32_BIT_CONVERSION = YES;
				GCC_WARN_ABOUT_RETURN_TYPE = YES_ERROR;
				GCC_WARN_UNDECLARED_SELECTOR = YES;
				GCC_WARN_UNINITIALIZED_AUTOS = YES_AGGRESSIVE;
				GCC_WARN_UNUSED_FUNCTION = YES;
				GCC_WARN_UNUSED_VARIABLE = YES;
				IPHONEOS_DEPLOYMENT_TARGET = 17.0;
				LOCALIZATION_PREFERS_STRING_CATALOGS = YES;
				MTL_ENABLE_DEBUG_INFO = NO;
				MTL_FAST_MATH = YES;
				SDKROOT = iphoneos;
				SWIFT_COMPILATION_MODE = wholemodule;
				VALIDATE_PRODUCT = YES;
			};
			name = Release;
		};
		B5D65A602C119DB700A0ABDE /* Debug */ = {
			isa = XCBuildConfiguration;
			buildSettings = {
				ASSETCATALOG_COMPILER_APPICON_NAME = AppIcon;
				ASSETCATALOG_COMPILER_GLOBAL_ACCENT_COLOR_NAME = AccentColor;
				CODE_SIGN_STYLE = Automatic;
				CURRENT_PROJECT_VERSION = 1;
				DEVELOPMENT_ASSET_PATHS = "\"GitHubRepositories/Preview Content\"";
				DEVELOPMENT_TEAM = 3CCNFR9RJK;
				ENABLE_PREVIEWS = YES;
				GENERATE_INFOPLIST_FILE = YES;
				INFOPLIST_KEY_UIApplicationSceneManifest_Generation = YES;
				INFOPLIST_KEY_UIApplicationSupportsIndirectInputEvents = YES;
				INFOPLIST_KEY_UILaunchScreen_Generation = YES;
				INFOPLIST_KEY_UISupportedInterfaceOrientations = "UIInterfaceOrientationLandscapeLeft UIInterfaceOrientationLandscapeRight UIInterfaceOrientationPortrait";
				INFOPLIST_KEY_UISupportedInterfaceOrientations_iPad = "UIInterfaceOrientationLandscapeLeft UIInterfaceOrientationLandscapeRight UIInterfaceOrientationPortrait UIInterfaceOrientationPortraitUpsideDown";
				IPHONEOS_DEPLOYMENT_TARGET = 16.0;
				LD_RUNPATH_SEARCH_PATHS = (
					"$(inherited)",
					"@executable_path/Frameworks",
				);
				MARKETING_VERSION = 1.0;
				PRODUCT_BUNDLE_IDENTIFIER = com.AnastasiaKononchuk.GitHubRepositories;
				PRODUCT_NAME = "$(TARGET_NAME)";
				SUPPORTED_PLATFORMS = "iphoneos iphonesimulator";
				SUPPORTS_MACCATALYST = NO;
				SUPPORTS_MAC_DESIGNED_FOR_IPHONE_IPAD = NO;
				SWIFT_EMIT_LOC_STRINGS = YES;
				SWIFT_VERSION = 5.0;
				TARGETED_DEVICE_FAMILY = 1;
			};
			name = Debug;
		};
		B5D65A612C119DB700A0ABDE /* Release */ = {
			isa = XCBuildConfiguration;
			buildSettings = {
				ASSETCATALOG_COMPILER_APPICON_NAME = AppIcon;
				ASSETCATALOG_COMPILER_GLOBAL_ACCENT_COLOR_NAME = AccentColor;
				CODE_SIGN_STYLE = Automatic;
				CURRENT_PROJECT_VERSION = 1;
				DEVELOPMENT_ASSET_PATHS = "\"GitHubRepositories/Preview Content\"";
				DEVELOPMENT_TEAM = 3CCNFR9RJK;
				ENABLE_PREVIEWS = YES;
				GENERATE_INFOPLIST_FILE = YES;
				INFOPLIST_KEY_UIApplicationSceneManifest_Generation = YES;
				INFOPLIST_KEY_UIApplicationSupportsIndirectInputEvents = YES;
				INFOPLIST_KEY_UILaunchScreen_Generation = YES;
				INFOPLIST_KEY_UISupportedInterfaceOrientations = "UIInterfaceOrientationLandscapeLeft UIInterfaceOrientationLandscapeRight UIInterfaceOrientationPortrait";
				INFOPLIST_KEY_UISupportedInterfaceOrientations_iPad = "UIInterfaceOrientationLandscapeLeft UIInterfaceOrientationLandscapeRight UIInterfaceOrientationPortrait UIInterfaceOrientationPortraitUpsideDown";
				IPHONEOS_DEPLOYMENT_TARGET = 16.0;
				LD_RUNPATH_SEARCH_PATHS = (
					"$(inherited)",
					"@executable_path/Frameworks",
				);
				MARKETING_VERSION = 1.0;
				PRODUCT_BUNDLE_IDENTIFIER = com.AnastasiaKononchuk.GitHubRepositories;
				PRODUCT_NAME = "$(TARGET_NAME)";
				SUPPORTED_PLATFORMS = "iphoneos iphonesimulator";
				SUPPORTS_MACCATALYST = NO;
				SUPPORTS_MAC_DESIGNED_FOR_IPHONE_IPAD = NO;
				SWIFT_EMIT_LOC_STRINGS = YES;
				SWIFT_VERSION = 5.0;
				TARGETED_DEVICE_FAMILY = 1;
			};
			name = Release;
		};
/* End XCBuildConfiguration section */

/* Begin XCConfigurationList section */
		B5D65A4C2C119DB300A0ABDE /* Build configuration list for PBXProject "GitHubRepositories" */ = {
			isa = XCConfigurationList;
			buildConfigurations = (
				B5D65A5D2C119DB700A0ABDE /* Debug */,
				B5D65A5E2C119DB700A0ABDE /* Release */,
			);
			defaultConfigurationIsVisible = 0;
			defaultConfigurationName = Release;
		};
		B5D65A5F2C119DB700A0ABDE /* Build configuration list for PBXNativeTarget "GitHubRepositories" */ = {
			isa = XCConfigurationList;
			buildConfigurations = (
				B5D65A602C119DB700A0ABDE /* Debug */,
				B5D65A612C119DB700A0ABDE /* Release */,
			);
			defaultConfigurationIsVisible = 0;
			defaultConfigurationName = Release;
		};
/* End XCConfigurationList section */

/* Begin XCRemoteSwiftPackageReference section */
		B52589D82C1B3BFC006967E6 /* XCRemoteSwiftPackageReference "swift-markdown-ui" */ = {
			isa = XCRemoteSwiftPackageReference;
			repositoryURL = "https://github.com/gonzalezreal/swift-markdown-ui";
			requirement = {
				kind = upToNextMinorVersion;
				minimumVersion = 2.3.0;
			};
		};
/* End XCRemoteSwiftPackageReference section */

/* Begin XCSwiftPackageProductDependency section */
		B52589D92C1B3BFC006967E6 /* MarkdownUI */ = {
			isa = XCSwiftPackageProductDependency;
			package = B52589D82C1B3BFC006967E6 /* XCRemoteSwiftPackageReference "swift-markdown-ui" */;
			productName = MarkdownUI;
		};
/* End XCSwiftPackageProductDependency section */
	};
	rootObject = B5D65A492C119DB300A0ABDE /* Project object */;
}
